{
  "version": "5",
  "specifiers": {
    "jsr:@std/cli@1": "1.0.28"
  },
  "jsr": {
    "@std/cli@1.0.28": {
      "integrity": "74ef9b976db59ca6b23a5283469c9072be6276853807a83ec6c7ce412135c70a"
    }
  },
  "workspace": {
    "packageJson": {
      "dependencies": [
        "npm:ws@^8.18.0"
      ]
    }
  }
}
